<?xml version="1.0" encoding="utf-8"?>
<Project ToolsVersion="4.0" xmlns="http://schemas.microsoft.com/developer/msbuild/2003">
  <ItemGroup>
    <Filter Include="Source Files">
      <UniqueIdentifier>{4FC737F1-C7A5-4376-A066-2A32D752A2FF}</UniqueIdentifier>
      <Extensions>cpp;c;cc;cxx;def;odl;idl;hpj;bat;asm;asmx</Extensions>
    </Filter>
    <Filter Include="Header Files">
      <UniqueIdentifier>{93995380-89BD-4b04-88EB-625FBE52EBFB}</UniqueIdentifier>
      <Extensions>h;hh;hpp;hxx;hm;inl;inc;ipp;xsd</Extensions>
    </Filter>
    <Filter Include="Resource Files">
      <UniqueIdentifier>{67DA6AB6-F800-4c08-8B7A-83BB121AAD01}</UniqueIdentifier>
      <Extensions>rc;ico;cur;bmp;dlg;rc2;rct;bin;rgs;gif;jpg;jpeg;jpe;resx;tiff;tif;png;wav;mfcribbon-ms</Extensions>
    </Filter>
    <Filter Include="Header Files\pieces">
      <UniqueIdentifier>{0be5f94d-b64c-4017-b068-f2dd70291645}</UniqueIdentifier>
    </Filter>
    <Filter Include="Source Files\pieces">
      <UniqueIdentifier>{eb3ec2fd-0ea0-497b-a1dc-6fadf051438e}</UniqueIdentifier>
    </Filter>
  </ItemGroup>
  <ItemGroup>
    <ClCompile Include="main.cpp">
      <Filter>Source Files</Filter>
    </ClCompile>
    <ClCompile Include="Game.cpp">
      <Filter>Source Files</Filter>
    </ClCompile>
    <ClCompile Include="TextureManager.cpp">
      <Filter>Source Files</Filter>
    </ClCompile>
    <ClCompile Include="StaticMesh.cpp">
      <Filter>Source Files</Filter>
    </ClCompile>
    <ClCompile Include="Player.cpp">
      <Filter>Source Files</Filter>
    </ClCompile>
    <ClCompile Include="pieces\Rook.cpp">
      <Filter>Source Files\pieces</Filter>
    </ClCompile>
    <ClCompile Include="pieces\Pawn.cpp">
      <Filter>Source Files\pieces</Filter>
    </ClCompile>
    <ClCompile Include="Piece.cpp">
      <Filter>Source Files</Filter>
    </ClCompile>
    <ClCompile Include="pieces\Knight.cpp">
      <Filter>Source Files\pieces</Filter>
    </ClCompile>
    <ClCompile Include="pieces\Bishop.cpp">
      <Filter>Source Files\pieces</Filter>
    </ClCompile>
    <ClCompile Include="pieces\King.cpp">
      <Filter>Source Files\pieces</Filter>
    </ClCompile>
    <ClCompile Include="pieces\Queen.cpp">
      <Filter>Source Files\pieces</Filter>
    </ClCompile>
    <ClCompile Include="Chessboard.cpp">
      <Filter>Source Files</Filter>
    </ClCompile>
    <ClCompile Include="FontManager.cpp">
      <Filter>Source Files</Filter>
    </ClCompile>
    <ClCompile Include="Tile.cpp">
      <Filter>Source Files</Filter>
    </ClCompile>
  </ItemGroup>
  <ItemGroup>
    <ClInclude Include="Game.h">
      <Filter>Header Files</Filter>
    </ClInclude>
    <ClInclude Include="TextureManager.h">
      <Filter>Header Files</Filter>
    </ClInclude>
    <ClInclude Include="StaticMesh.h">
      <Filter>Header Files</Filter>
    </ClInclude>
    <ClInclude Include="Player.h">
      <Filter>Header Files</Filter>
    </ClInclude>
    <ClInclude Include="pieces\Pawn.h">
      <Filter>Header Files\pieces</Filter>
    </ClInclude>
    <ClInclude Include="pieces\Rook.h">
      <Filter>Header Files\pieces</Filter>
    </ClInclude>
    <ClInclude Include="Piece.h">
      <Filter>Header Files</Filter>
    </ClInclude>
    <ClInclude Include="pieces\Knight.h">
      <Filter>Header Files\pieces</Filter>
    </ClInclude>
    <ClInclude Include="pieces\Bishop.h">
      <Filter>Header Files\pieces</Filter>
    </ClInclude>
    <ClInclude Include="pieces\King.h">
      <Filter>Header Files\pieces</Filter>
    </ClInclude>
    <ClInclude Include="pieces\Queen.h">
      <Filter>Header Files\pieces</Filter>
    </ClInclude>
    <ClInclude Include="Chessboard.h">
      <Filter>Header Files</Filter>
    </ClInclude>
    <ClInclude Include="FontManager.h">
      <Filter>Header Files</Filter>
    </ClInclude>
    <ClInclude Include="Tile.h">
      <Filter>Header Files</Filter>
    </ClInclude>
  </ItemGroup>
</Project>